
Microsoft Visual Studio Solution File, Format Version 12.00
# Visual Studio Version 17
VisualStudioVersion = 17.1.32421.90
MinimumVisualStudioVersion = 10.0.40219.1
Project("{8BC9CEB8-8B4A-11D0-8D11-00A0C91BC942}") = "External-Memory-Class-For-GTA5", "External-Memory-Class-For-GTA5\External-Memory-Class-For-GTA5.vcxproj", "{9A4AB736-6927-4ED6-9CC6-5CFB722E7777}"
EndProject
Global
	GlobalSection(SolutionConfigurationPlatforms) = preSolution
		Debug|x64 = Debug|x64
		Debug|x86 = Debug|x86
		Release|x64 = Release|x64
		Release|x86 = Release|x86
	EndGlobalSection
	GlobalSection(ProjectConfigurationPlatforms) = postSolution
		{9A4AB736-6927-4ED6-9CC6-5CFB722E7777}.Debug|x64.ActiveCfg = Debug|x64
		{9A4AB736-6927-4ED6-9CC6-5CFB722E7777}.Debug|x64.Build.0 = Debug|x64
		{9A4AB736-6927-4ED6-9CC6-5CFB722E7777}.Debug|x86.ActiveCfg = Debug|Win32
		{9A4AB736-6927-4ED6-9CC6-5CFB722E7777}.Debug|x86.Build.0 = Debug|Win32
		{9A4AB736-6927-4ED6-9CC6-5CFB722E7777}.Release|x64.ActiveCfg = Release|x64
		{9A4AB736-6927-4ED6-9CC6-5CFB722E7777}.Release|x64.Build.0 = Release|x64
		{9A4AB736-6927-4ED6-9CC6-5CFB722E7777}.Release|x86.ActiveCfg = Release|Win32
		{9A4AB736-6927-4ED6-9CC6-5CFB722E7777}.Release|x86.Build.0 = Release|Win32
	EndGlobalSection
	GlobalSection(SolutionProperties) = preSolution
		HideSolutionNode = FALSE
	EndGlobalSection
	GlobalSection(ExtensibilityGlobals) = postSolution
		SolutionGuid = {14182CC6-6175-43CB-876E-48D21BA75A0F}
	EndGlobalSection
EndGlobal
